
Microsoft Visual Studio Solution File, Format Version 12.00
# Visual Studio Version 17
VisualStudioVersion = 17.7.34031.279
MinimumVisualStudioVersion = 10.0.40219.1
Project("{FAE04EC0-301F-11D3-BF4B-00C04F79EFBC}") = "GameLoToOnline", "GameLoToOnline.csproj", "{47B79064-CDD9-4DDA-B73C-9D4921255ECE}"
EndProject
Global
	GlobalSection(SolutionConfigurationPlatforms) = preSolution
		Debug|Any CPU = Debug|Any CPU
		Release|Any CPU = Release|Any CPU
	EndGlobalSection
	GlobalSection(ProjectConfigurationPlatforms) = postSolution
		{47B79064-CDD9-4DDA-B73C-9D4921255ECE}.Debug|Any CPU.ActiveCfg = Debug|Any CPU
		{47B79064-CDD9-4DDA-B73C-9D4921255ECE}.Debug|Any CPU.Build.0 = Debug|Any CPU
		{47B79064-CDD9-4DDA-B73C-9D4921255ECE}.Release|Any CPU.ActiveCfg = Release|Any CPU
		{47B79064-CDD9-4DDA-B73C-9D4921255ECE}.Release|Any CPU.Build.0 = Release|Any CPU
	EndGlobalSection
	GlobalSection(SolutionProperties) = preSolution
		HideSolutionNode = FALSE
	EndGlobalSection
	GlobalSection(ExtensibilityGlobals) = postSolution
		SolutionGuid = {86385BE1-E4DA-4211-B3D7-EA595D44CB56}
	EndGlobalSection
EndGlobal
